
Microsoft Visual Studio Solution File, Format Version 12.00
# Visual Studio Version 16
VisualStudioVersion = 16.0.29025.244
MinimumVisualStudioVersion = 10.0.40219.1
Project("{9A19103F-16F7-4668-BE54-9A1E7A4F7556}") = "Anchorage.Server", "Anchorage.Server\Anchorage.Server.csproj", "{8144734A-6EC6-4B4B-94C5-65DCBD0A1E02}"
EndProject
Global
	GlobalSection(SolutionConfigurationPlatforms) = preSolution
		Debug|Any CPU = Debug|Any CPU
		Release|Any CPU = Release|Any CPU
	EndGlobalSection
	GlobalSection(ProjectConfigurationPlatforms) = postSolution
		{8144734A-6EC6-4B4B-94C5-65DCBD0A1E02}.Debug|Any CPU.ActiveCfg = Debug|Any CPU
		{8144734A-6EC6-4B4B-94C5-65DCBD0A1E02}.Debug|Any CPU.Build.0 = Debug|Any CPU
		{8144734A-6EC6-4B4B-94C5-65DCBD0A1E02}.Release|Any CPU.ActiveCfg = Release|Any CPU
		{8144734A-6EC6-4B4B-94C5-65DCBD0A1E02}.Release|Any CPU.Build.0 = Release|Any CPU
	EndGlobalSection
	GlobalSection(SolutionProperties) = preSolution
		HideSolutionNode = FALSE
	EndGlobalSection
	GlobalSection(ExtensibilityGlobals) = postSolution
		SolutionGuid = {2C243896-E705-4E05-8CA7-5A4069578848}
	EndGlobalSection
EndGlobal
