
Microsoft Visual Studio Solution File, Format Version 12.00
# Visual Studio 15
VisualStudioVersion = 15.0.28010.2016
MinimumVisualStudioVersion = 10.0.40219.1
Project("{9A19103F-16F7-4668-BE54-9A1E7A4F7556}") = "Anchorage.Server", "Anchorage.Server\Anchorage.Server.csproj", "{8144734A-6EC6-4B4B-94C5-65DCBD0A1E02}"
	ProjectSection(ProjectDependencies) = postProject
		{23F2DBFD-F18C-4F52-BF37-A64702953B98} = {23F2DBFD-F18C-4F52-BF37-A64702953B98}
	EndProjectSection
EndProject
Project("{9A19103F-16F7-4668-BE54-9A1E7A4F7556}") = "Anchorage.Shared", "Anchorage.Shared\Anchorage.Shared.csproj", "{23F2DBFD-F18C-4F52-BF37-A64702953B98}"
EndProject
Project("{9A19103F-16F7-4668-BE54-9A1E7A4F7556}") = "Anchorage.Client", "Anchorage.Client\Anchorage.Client.csproj", "{6A1ECFA6-10FF-4F55-9DFA-A8C99A5AD09A}"
EndProject
Global
	GlobalSection(SolutionConfigurationPlatforms) = preSolution
		Debug|Any CPU = Debug|Any CPU
		Release|Any CPU = Release|Any CPU
	EndGlobalSection
	GlobalSection(ProjectConfigurationPlatforms) = postSolution
		{8144734A-6EC6-4B4B-94C5-65DCBD0A1E02}.Debug|Any CPU.ActiveCfg = Debug|Any CPU
		{8144734A-6EC6-4B4B-94C5-65DCBD0A1E02}.Debug|Any CPU.Build.0 = Debug|Any CPU
		{8144734A-6EC6-4B4B-94C5-65DCBD0A1E02}.Release|Any CPU.ActiveCfg = Release|Any CPU
		{8144734A-6EC6-4B4B-94C5-65DCBD0A1E02}.Release|Any CPU.Build.0 = Release|Any CPU
		{23F2DBFD-F18C-4F52-BF37-A64702953B98}.Debug|Any CPU.ActiveCfg = Debug|Any CPU
		{23F2DBFD-F18C-4F52-BF37-A64702953B98}.Debug|Any CPU.Build.0 = Debug|Any CPU
		{23F2DBFD-F18C-4F52-BF37-A64702953B98}.Release|Any CPU.ActiveCfg = Release|Any CPU
		{23F2DBFD-F18C-4F52-BF37-A64702953B98}.Release|Any CPU.Build.0 = Release|Any CPU
		{6A1ECFA6-10FF-4F55-9DFA-A8C99A5AD09A}.Debug|Any CPU.ActiveCfg = Debug|Any CPU
		{6A1ECFA6-10FF-4F55-9DFA-A8C99A5AD09A}.Debug|Any CPU.Build.0 = Debug|Any CPU
		{6A1ECFA6-10FF-4F55-9DFA-A8C99A5AD09A}.Release|Any CPU.ActiveCfg = Release|Any CPU
		{6A1ECFA6-10FF-4F55-9DFA-A8C99A5AD09A}.Release|Any CPU.Build.0 = Release|Any CPU
	EndGlobalSection
	GlobalSection(SolutionProperties) = preSolution
		HideSolutionNode = FALSE
	EndGlobalSection
	GlobalSection(ExtensibilityGlobals) = postSolution
		SolutionGuid = {2C243896-E705-4E05-8CA7-5A4069578848}
	EndGlobalSection
EndGlobal
